
Microsoft Visual Studio Solution File, Format Version 12.00
# Visual Studio Version 17
VisualStudioVersion = 17.12.35707.178
MinimumVisualStudioVersion = 10.0.40219.1
Project("{2150E333-8FDC-42A3-9474-1A3956D46DE8}") = "Services", "Services", "{FA4C529F-573D-44DE-98B5-528FCF174D99}"
EndProject
Project("{2150E333-8FDC-42A3-9474-1A3956D46DE8}") = "Rate", "Rate", "{AD4F661E-5003-470F-A274-12DEE6AE670A}"
EndProject
Project("{FAE04EC0-301F-11D3-BF4B-00C04F79EFBC}") = "Rate.API", "Services\Rate\Rate.API\Rate.API.csproj", "{02CEFF6A-49ED-4B34-B2EC-BD339B15FAA0}"
EndProject
Project("{2150E333-8FDC-42A3-9474-1A3956D46DE8}") = "BuildingBlocks", "BuildingBlocks", "{3370C85A-7DC7-43E2-B2D5-A6CAF9521939}"
EndProject
Project("{FAE04EC0-301F-11D3-BF4B-00C04F79EFBC}") = "BuildingBlocks", "BuildingBlocks\BuildingBlocks\BuildingBlocks.csproj", "{8E9CC8B3-A724-4C52-B1D2-D90DD5F1FF91}"
EndProject
Project("{E53339B2-1760-4266-BCC7-CA923CBCF16C}") = "docker-compose", "docker-compose.dcproj", "{6A7800DA-4DDB-40E7-AF3A-D53CD443DE34}"
EndProject
Project("{2150E333-8FDC-42A3-9474-1A3956D46DE8}") = "Position", "Position", "{97E3FF31-A389-450C-9E89-8C2FBFFBEBF9}"
EndProject
Project("{FAE04EC0-301F-11D3-BF4B-00C04F79EFBC}") = "Position.API", "Services\Position\Position.API\Position.API.csproj", "{AD1687D6-BEF3-4830-9530-CC2054CF3E20}"
EndProject
Project("{FAE04EC0-301F-11D3-BF4B-00C04F79EFBC}") = "Position.Domain", "Services\Position\Position.Domain\Position.Domain.csproj", "{5555070C-2A5A-4027-BC92-D733BA462869}"
EndProject
Project("{FAE04EC0-301F-11D3-BF4B-00C04F79EFBC}") = "Position.Application", "Services\Position\Position.Application\Position.Application.csproj", "{06C21AC5-1D51-43E5-9342-77A09DE76C28}"
EndProject
Project("{FAE04EC0-301F-11D3-BF4B-00C04F79EFBC}") = "Position.Infrastructure", "Services\Position\Position.Infrastructure\Position.Infrastructure.csproj", "{CE3109BD-4E02-4BE8-B07B-9B26BE5C2166}"
EndProject
Global
	GlobalSection(SolutionConfigurationPlatforms) = preSolution
		Debug|Any CPU = Debug|Any CPU
		Release|Any CPU = Release|Any CPU
	EndGlobalSection
	GlobalSection(ProjectConfigurationPlatforms) = postSolution
		{02CEFF6A-49ED-4B34-B2EC-BD339B15FAA0}.Debug|Any CPU.ActiveCfg = Debug|Any CPU
		{02CEFF6A-49ED-4B34-B2EC-BD339B15FAA0}.Debug|Any CPU.Build.0 = Debug|Any CPU
		{02CEFF6A-49ED-4B34-B2EC-BD339B15FAA0}.Release|Any CPU.ActiveCfg = Release|Any CPU
		{02CEFF6A-49ED-4B34-B2EC-BD339B15FAA0}.Release|Any CPU.Build.0 = Release|Any CPU
		{8E9CC8B3-A724-4C52-B1D2-D90DD5F1FF91}.Debug|Any CPU.ActiveCfg = Debug|Any CPU
		{8E9CC8B3-A724-4C52-B1D2-D90DD5F1FF91}.Debug|Any CPU.Build.0 = Debug|Any CPU
		{8E9CC8B3-A724-4C52-B1D2-D90DD5F1FF91}.Release|Any CPU.ActiveCfg = Release|Any CPU
		{8E9CC8B3-A724-4C52-B1D2-D90DD5F1FF91}.Release|Any CPU.Build.0 = Release|Any CPU
		{6A7800DA-4DDB-40E7-AF3A-D53CD443DE34}.Debug|Any CPU.ActiveCfg = Debug|Any CPU
		{6A7800DA-4DDB-40E7-AF3A-D53CD443DE34}.Debug|Any CPU.Build.0 = Debug|Any CPU
		{6A7800DA-4DDB-40E7-AF3A-D53CD443DE34}.Release|Any CPU.ActiveCfg = Release|Any CPU
		{6A7800DA-4DDB-40E7-AF3A-D53CD443DE34}.Release|Any CPU.Build.0 = Release|Any CPU
		{AD1687D6-BEF3-4830-9530-CC2054CF3E20}.Debug|Any CPU.ActiveCfg = Debug|Any CPU
		{AD1687D6-BEF3-4830-9530-CC2054CF3E20}.Debug|Any CPU.Build.0 = Debug|Any CPU
		{AD1687D6-BEF3-4830-9530-CC2054CF3E20}.Release|Any CPU.ActiveCfg = Release|Any CPU
		{AD1687D6-BEF3-4830-9530-CC2054CF3E20}.Release|Any CPU.Build.0 = Release|Any CPU
		{5555070C-2A5A-4027-BC92-D733BA462869}.Debug|Any CPU.ActiveCfg = Debug|Any CPU
		{5555070C-2A5A-4027-BC92-D733BA462869}.Debug|Any CPU.Build.0 = Debug|Any CPU
		{5555070C-2A5A-4027-BC92-D733BA462869}.Release|Any CPU.ActiveCfg = Release|Any CPU
		{5555070C-2A5A-4027-BC92-D733BA462869}.Release|Any CPU.Build.0 = Release|Any CPU
		{06C21AC5-1D51-43E5-9342-77A09DE76C28}.Debug|Any CPU.ActiveCfg = Debug|Any CPU
		{06C21AC5-1D51-43E5-9342-77A09DE76C28}.Debug|Any CPU.Build.0 = Debug|Any CPU
		{06C21AC5-1D51-43E5-9342-77A09DE76C28}.Release|Any CPU.ActiveCfg = Release|Any CPU
		{06C21AC5-1D51-43E5-9342-77A09DE76C28}.Release|Any CPU.Build.0 = Release|Any CPU
		{CE3109BD-4E02-4BE8-B07B-9B26BE5C2166}.Debug|Any CPU.ActiveCfg = Debug|Any CPU
		{CE3109BD-4E02-4BE8-B07B-9B26BE5C2166}.Debug|Any CPU.Build.0 = Debug|Any CPU
		{CE3109BD-4E02-4BE8-B07B-9B26BE5C2166}.Release|Any CPU.ActiveCfg = Release|Any CPU
		{CE3109BD-4E02-4BE8-B07B-9B26BE5C2166}.Release|Any CPU.Build.0 = Release|Any CPU
	EndGlobalSection
	GlobalSection(SolutionProperties) = preSolution
		HideSolutionNode = FALSE
	EndGlobalSection
	GlobalSection(NestedProjects) = preSolution
		{AD4F661E-5003-470F-A274-12DEE6AE670A} = {FA4C529F-573D-44DE-98B5-528FCF174D99}
		{02CEFF6A-49ED-4B34-B2EC-BD339B15FAA0} = {AD4F661E-5003-470F-A274-12DEE6AE670A}
		{8E9CC8B3-A724-4C52-B1D2-D90DD5F1FF91} = {3370C85A-7DC7-43E2-B2D5-A6CAF9521939}
		{97E3FF31-A389-450C-9E89-8C2FBFFBEBF9} = {FA4C529F-573D-44DE-98B5-528FCF174D99}
		{AD1687D6-BEF3-4830-9530-CC2054CF3E20} = {97E3FF31-A389-450C-9E89-8C2FBFFBEBF9}
		{5555070C-2A5A-4027-BC92-D733BA462869} = {97E3FF31-A389-450C-9E89-8C2FBFFBEBF9}
		{06C21AC5-1D51-43E5-9342-77A09DE76C28} = {97E3FF31-A389-450C-9E89-8C2FBFFBEBF9}
		{CE3109BD-4E02-4BE8-B07B-9B26BE5C2166} = {97E3FF31-A389-450C-9E89-8C2FBFFBEBF9}
	EndGlobalSection
EndGlobal
